
Microsoft Visual Studio Solution File, Format Version 12.00
# Visual Studio Version 16
VisualStudioVersion = 25.0.1706.12
MinimumVisualStudioVersion = 10.0.40219.1
Project("{FAE04EC0-301F-11D3-BF4B-00C04F79EFBC}") = "C971-Oliver", "C971-Oliver\C971-Oliver.csproj", "{BB79546D-1D73-4DAE-9A9A-9B3BD1F62203}"
EndProject
Global
	GlobalSection(SolutionConfigurationPlatforms) = preSolution
		Debug|Any CPU = Debug|Any CPU
		Release|Any CPU = Release|Any CPU
	EndGlobalSection
	GlobalSection(ProjectConfigurationPlatforms) = postSolution
		{BB79546D-1D73-4DAE-9A9A-9B3BD1F62203}.Debug|Any CPU.ActiveCfg = Debug|Any CPU
		{BB79546D-1D73-4DAE-9A9A-9B3BD1F62203}.Debug|Any CPU.Build.0 = Debug|Any CPU
		{BB79546D-1D73-4DAE-9A9A-9B3BD1F62203}.Release|Any CPU.ActiveCfg = Release|Any CPU
		{BB79546D-1D73-4DAE-9A9A-9B3BD1F62203}.Release|Any CPU.Build.0 = Release|Any CPU
	EndGlobalSection
	GlobalSection(SolutionProperties) = preSolution
		HideSolutionNode = FALSE
	EndGlobalSection
	GlobalSection(ExtensibilityGlobals) = postSolution
		SolutionGuid = {3AF1761F-E10E-4B6D-85AD-BE7DA5A9C2AE}
	EndGlobalSection
EndGlobal
